
Microsoft Visual Studio Solution File, Format Version 12.00
# Visual Studio Version 17
VisualStudioVersion = 17.8.34330.188
MinimumVisualStudioVersion = 10.0.40219.1
Project("{9A19103F-16F7-4668-BE54-9A1E7A4F7556}") = "FTPserver_form", "FTPserver_form.csproj", "{29434530-63AE-418D-8EE3-D71B145D255A}"
EndProject
Project("{9A19103F-16F7-4668-BE54-9A1E7A4F7556}") = "FTPserver", "..\FTPserver\FTPserver.csproj", "{F8F98B85-6C40-40DC-8059-CB33F460246B}"
EndProject
Global
	GlobalSection(SolutionConfigurationPlatforms) = preSolution
		Debug|Any CPU = Debug|Any CPU
		Release|Any CPU = Release|Any CPU
	EndGlobalSection
	GlobalSection(ProjectConfigurationPlatforms) = postSolution
		{29434530-63AE-418D-8EE3-D71B145D255A}.Debug|Any CPU.ActiveCfg = Debug|Any CPU
		{29434530-63AE-418D-8EE3-D71B145D255A}.Debug|Any CPU.Build.0 = Debug|Any CPU
		{29434530-63AE-418D-8EE3-D71B145D255A}.Release|Any CPU.ActiveCfg = Release|Any CPU
		{29434530-63AE-418D-8EE3-D71B145D255A}.Release|Any CPU.Build.0 = Release|Any CPU
		{F8F98B85-6C40-40DC-8059-CB33F460246B}.Debug|Any CPU.ActiveCfg = Debug|Any CPU
		{F8F98B85-6C40-40DC-8059-CB33F460246B}.Debug|Any CPU.Build.0 = Debug|Any CPU
		{F8F98B85-6C40-40DC-8059-CB33F460246B}.Release|Any CPU.ActiveCfg = Release|Any CPU
		{F8F98B85-6C40-40DC-8059-CB33F460246B}.Release|Any CPU.Build.0 = Release|Any CPU
	EndGlobalSection
	GlobalSection(SolutionProperties) = preSolution
		HideSolutionNode = FALSE
	EndGlobalSection
	GlobalSection(ExtensibilityGlobals) = postSolution
		SolutionGuid = {3C40B08A-2183-4A3A-A2C9-0CA1E2FAD5C2}
	EndGlobalSection
EndGlobal
